
Microsoft Visual Studio Solution File, Format Version 12.00
# Visual Studio Version 16
VisualStudioVersion = 16.0.30907.101
MinimumVisualStudioVersion = 10.0.40219.1
Project("{FAE04EC0-301F-11D3-BF4B-00C04F79EFBC}") = "RabbitMQ.Consumer", "RabbitMQ.Consumer\RabbitMQ.Consumer.csproj", "{0C3BED17-0D00-440D-BD41-2B496A00D59D}"
EndProject
Global
	GlobalSection(SolutionConfigurationPlatforms) = preSolution
		Debug|Any CPU = Debug|Any CPU
		Release|Any CPU = Release|Any CPU
	EndGlobalSection
	GlobalSection(ProjectConfigurationPlatforms) = postSolution
		{0C3BED17-0D00-440D-BD41-2B496A00D59D}.Debug|Any CPU.ActiveCfg = Debug|Any CPU
		{0C3BED17-0D00-440D-BD41-2B496A00D59D}.Debug|Any CPU.Build.0 = Debug|Any CPU
		{0C3BED17-0D00-440D-BD41-2B496A00D59D}.Release|Any CPU.ActiveCfg = Release|Any CPU
		{0C3BED17-0D00-440D-BD41-2B496A00D59D}.Release|Any CPU.Build.0 = Release|Any CPU
	EndGlobalSection
	GlobalSection(SolutionProperties) = preSolution
		HideSolutionNode = FALSE
	EndGlobalSection
	GlobalSection(ExtensibilityGlobals) = postSolution
		SolutionGuid = {718FF2D9-2520-40E3-95BA-33D13D1BEDB2}
	EndGlobalSection
EndGlobal
